
Microsoft Visual Studio Solution File, Format Version 11.00
# Visual Studio 2010
Project("{FAE04EC0-301F-11D3-BF4B-00C04F79EFBC}") = "RedisPoc", "RedisPoc\RedisPoc.csproj", "{06711661-4A6C-400A-9B91-74FC484523B6}"
EndProject
Global
	GlobalSection(SolutionConfigurationPlatforms) = preSolution
		Debug|x86 = Debug|x86
		Release|x86 = Release|x86
	EndGlobalSection
	GlobalSection(ProjectConfigurationPlatforms) = postSolution
		{06711661-4A6C-400A-9B91-74FC484523B6}.Debug|x86.ActiveCfg = Debug|x86
		{06711661-4A6C-400A-9B91-74FC484523B6}.Debug|x86.Build.0 = Debug|x86
		{06711661-4A6C-400A-9B91-74FC484523B6}.Release|x86.ActiveCfg = Release|x86
		{06711661-4A6C-400A-9B91-74FC484523B6}.Release|x86.Build.0 = Release|x86
	EndGlobalSection
	GlobalSection(SolutionProperties) = preSolution
		HideSolutionNode = FALSE
	EndGlobalSection
EndGlobal
